
Microsoft Visual Studio Solution File, Format Version 12.00
# Visual Studio Version 16
VisualStudioVersion = 16.0.31911.196
MinimumVisualStudioVersion = 10.0.40219.1
Project("{FAE04EC0-301F-11D3-BF4B-00C04F79EFBC}") = "Test-Task-CodeBridge", "Test-Task-CodeBridge.csproj", "{2D7BB2E2-89A7-4F42-88E3-A991B08968B7}"
EndProject
Project("{FAE04EC0-301F-11D3-BF4B-00C04F79EFBC}") = "DogsApiTests", "..\DogsApiTests\DogsApiTests.csproj", "{226BF20A-2C81-445C-978A-9F71E5021969}"
EndProject
Global
	GlobalSection(SolutionConfigurationPlatforms) = preSolution
		Debug|Any CPU = Debug|Any CPU
		Release|Any CPU = Release|Any CPU
	EndGlobalSection
	GlobalSection(ProjectConfigurationPlatforms) = postSolution
		{2D7BB2E2-89A7-4F42-88E3-A991B08968B7}.Debug|Any CPU.ActiveCfg = Debug|Any CPU
		{2D7BB2E2-89A7-4F42-88E3-A991B08968B7}.Debug|Any CPU.Build.0 = Debug|Any CPU
		{2D7BB2E2-89A7-4F42-88E3-A991B08968B7}.Release|Any CPU.ActiveCfg = Release|Any CPU
		{2D7BB2E2-89A7-4F42-88E3-A991B08968B7}.Release|Any CPU.Build.0 = Release|Any CPU
		{226BF20A-2C81-445C-978A-9F71E5021969}.Debug|Any CPU.ActiveCfg = Debug|Any CPU
		{226BF20A-2C81-445C-978A-9F71E5021969}.Debug|Any CPU.Build.0 = Debug|Any CPU
		{226BF20A-2C81-445C-978A-9F71E5021969}.Release|Any CPU.ActiveCfg = Release|Any CPU
		{226BF20A-2C81-445C-978A-9F71E5021969}.Release|Any CPU.Build.0 = Release|Any CPU
	EndGlobalSection
	GlobalSection(SolutionProperties) = preSolution
		HideSolutionNode = FALSE
	EndGlobalSection
	GlobalSection(ExtensibilityGlobals) = postSolution
		SolutionGuid = {EA218FF3-2630-408E-886D-1BF65AF9F471}
	EndGlobalSection
EndGlobal
